// !$*UTF8*$!
{
	archiveVersion = 1;
	classes = {
	};
	objectVersion = 55;
	objects = {

/* Begin PBXBuildFile section */
		7713C62B2872F26C00F674BF /* Inject in Frameworks */ = {isa = PBXBuildFile; productRef = 7713C62A2872F26C00F674BF /* Inject */; };
		B5B5C11D2872E3DB00FC5134 /* SnapKit in Frameworks */ = {isa = PBXBuildFile; productRef = B5B5C11C2872E3DB00FC5134 /* SnapKit */; };
		B5B5C1202872E43E00FC5134 /* Then in Frameworks */ = {isa = PBXBuildFile; productRef = B5B5C11F2872E43E00FC5134 /* Then */; };
		B85302A628728F6300F06234 /* AppDelegate.swift in Sources */ = {isa = PBXBuildFile; fileRef = B85302A528728F6300F06234 /* AppDelegate.swift */; };
		B85302A828728F6300F06234 /* SceneDelegate.swift in Sources */ = {isa = PBXBuildFile; fileRef = B85302A728728F6300F06234 /* SceneDelegate.swift */; };
		B85302AA28728F6300F06234 /* ViewController.swift in Sources */ = {isa = PBXBuildFile; fileRef = B85302A928728F6300F06234 /* ViewController.swift */; };
		B85302AF28728F6400F06234 /* Assets.xcassets in Resources */ = {isa = PBXBuildFile; fileRef = B85302AE28728F6400F06234 /* Assets.xcassets */; };
		B85302B228728F6400F06234 /* LaunchScreen.storyboard in Resources */ = {isa = PBXBuildFile; fileRef = B85302B028728F6400F06234 /* LaunchScreen.storyboard */; };
		B85302C12872A1EC00F06234 /* HoseViewController.swift in Sources */ = {isa = PBXBuildFile; fileRef = B85302C02872A1EC00F06234 /* HoseViewController.swift */; };
		B85302C32872A1F900F06234 /* EuiJinViewController.swift in Sources */ = {isa = PBXBuildFile; fileRef = B85302C22872A1F900F06234 /* EuiJinViewController.swift */; };
		B85302C52872A1FF00F06234 /* MinJaeViewController.swift in Sources */ = {isa = PBXBuildFile; fileRef = B85302C42872A1FF00F06234 /* MinJaeViewController.swift */; };
		B85302C72872A20600F06234 /* JiHyeonViewController.swift in Sources */ = {isa = PBXBuildFile; fileRef = B85302C62872A20600F06234 /* JiHyeonViewController.swift */; };
/* End PBXBuildFile section */

/* Begin PBXFileReference section */
		B85302A228728F6300F06234 /* HousLab_iOS.app */ = {isa = PBXFileReference; explicitFileType = wrapper.application; includeInIndex = 0; path = HousLab_iOS.app; sourceTree = BUILT_PRODUCTS_DIR; };
		B85302A528728F6300F06234 /* AppDelegate.swift */ = {isa = PBXFileReference; lastKnownFileType = sourcecode.swift; path = AppDelegate.swift; sourceTree = "<group>"; };
		B85302A728728F6300F06234 /* SceneDelegate.swift */ = {isa = PBXFileReference; lastKnownFileType = sourcecode.swift; path = SceneDelegate.swift; sourceTree = "<group>"; };
		B85302A928728F6300F06234 /* ViewController.swift */ = {isa = PBXFileReference; lastKnownFileType = sourcecode.swift; path = ViewController.swift; sourceTree = "<group>"; };
		B85302AE28728F6400F06234 /* Assets.xcassets */ = {isa = PBXFileReference; lastKnownFileType = folder.assetcatalog; path = Assets.xcassets; sourceTree = "<group>"; };
		B85302B128728F6400F06234 /* Base */ = {isa = PBXFileReference; lastKnownFileType = file.storyboard; name = Base; path = Base.lproj/LaunchScreen.storyboard; sourceTree = "<group>"; };
		B85302B328728F6400F06234 /* Info.plist */ = {isa = PBXFileReference; lastKnownFileType = text.plist.xml; path = Info.plist; sourceTree = "<group>"; };
		B85302C02872A1EC00F06234 /* HoseViewController.swift */ = {isa = PBXFileReference; lastKnownFileType = sourcecode.swift; path = HoseViewController.swift; sourceTree = "<group>"; };
		B85302C22872A1F900F06234 /* EuiJinViewController.swift */ = {isa = PBXFileReference; lastKnownFileType = sourcecode.swift; path = EuiJinViewController.swift; sourceTree = "<group>"; };
		B85302C42872A1FF00F06234 /* MinJaeViewController.swift */ = {isa = PBXFileReference; lastKnownFileType = sourcecode.swift; path = MinJaeViewController.swift; sourceTree = "<group>"; };
		B85302C62872A20600F06234 /* JiHyeonViewController.swift */ = {isa = PBXFileReference; lastKnownFileType = sourcecode.swift; path = JiHyeonViewController.swift; sourceTree = "<group>"; };
/* End PBXFileReference section */

/* Begin PBXFrameworksBuildPhase section */
		B853029F28728F6300F06234 /* Frameworks */ = {
			isa = PBXFrameworksBuildPhase;
			buildActionMask = 2147483647;
			files = (
				B5B5C11D2872E3DB00FC5134 /* SnapKit in Frameworks */,
				B5B5C1202872E43E00FC5134 /* Then in Frameworks */,
				7713C62B2872F26C00F674BF /* Inject in Frameworks */,
			);
			runOnlyForDeploymentPostprocessing = 0;
		};
/* End PBXFrameworksBuildPhase section */

/* Begin PBXGroup section */
		B853029928728F6300F06234 = {
			isa = PBXGroup;
			children = (
				B85302A428728F6300F06234 /* HousLab_iOS */,
				B85302A328728F6300F06234 /* Products */,
			);
			sourceTree = "<group>";
		};
		B85302A328728F6300F06234 /* Products */ = {
			isa = PBXGroup;
			children = (
				B85302A228728F6300F06234 /* HousLab_iOS.app */,
			);
			name = Products;
			sourceTree = "<group>";
		};
		B85302A428728F6300F06234 /* HousLab_iOS */ = {
			isa = PBXGroup;
			children = (
				B85302BC28728FA400F06234 /* HoSe */,
				B85302BB28728F9E00F06234 /* EuiJin */,
				B85302BA28728F8100F06234 /* MinJae */,
				B85302B928728F7900F06234 /* JiHyeon */,
				B85302BE28728FEB00F06234 /* Supports */,
				B85302BD28728FE500F06234 /* Resource */,
				B85302BF2872901900F06234 /* MainViewController */,
			);
			path = HousLab_iOS;
			sourceTree = "<group>";
		};
		B85302B928728F7900F06234 /* JiHyeon */ = {
			isa = PBXGroup;
			children = (
				B85302C62872A20600F06234 /* JiHyeonViewController.swift */,
			);
			path = JiHyeon;
			sourceTree = "<group>";
		};
		B85302BA28728F8100F06234 /* MinJae */ = {
			isa = PBXGroup;
			children = (
				B85302C42872A1FF00F06234 /* MinJaeViewController.swift */,
			);
			path = MinJae;
			sourceTree = "<group>";
		};
		B85302BB28728F9E00F06234 /* EuiJin */ = {
			isa = PBXGroup;
			children = (
				B85302C22872A1F900F06234 /* EuiJinViewController.swift */,
			);
			path = EuiJin;
			sourceTree = "<group>";
		};
		B85302BC28728FA400F06234 /* HoSe */ = {
			isa = PBXGroup;
			children = (
				B85302C02872A1EC00F06234 /* HoseViewController.swift */,
			);
			path = HoSe;
			sourceTree = "<group>";
		};
		B85302BD28728FE500F06234 /* Resource */ = {
			isa = PBXGroup;
			children = (
				B85302AE28728F6400F06234 /* Assets.xcassets */,
				B85302B028728F6400F06234 /* LaunchScreen.storyboard */,
			);
			path = Resource;
			sourceTree = "<group>";
		};
		B85302BE28728FEB00F06234 /* Supports */ = {
			isa = PBXGroup;
			children = (
				B85302A528728F6300F06234 /* AppDelegate.swift */,
				B85302A728728F6300F06234 /* SceneDelegate.swift */,
				B85302B328728F6400F06234 /* Info.plist */,
			);
			path = Supports;
			sourceTree = "<group>";
		};
		B85302BF2872901900F06234 /* MainViewController */ = {
			isa = PBXGroup;
			children = (
				B85302A928728F6300F06234 /* ViewController.swift */,
			);
			path = MainViewController;
			sourceTree = "<group>";
		};
/* End PBXGroup section */

/* Begin PBXNativeTarget section */
		B85302A128728F6300F06234 /* HousLab_iOS */ = {
			isa = PBXNativeTarget;
			buildConfigurationList = B85302B628728F6400F06234 /* Build configuration list for PBXNativeTarget "HousLab_iOS" */;
			buildPhases = (
				B853029E28728F6300F06234 /* Sources */,
				B853029F28728F6300F06234 /* Frameworks */,
				B85302A028728F6300F06234 /* Resources */,
			);
			buildRules = (
			);
			dependencies = (
			);
			name = HousLab_iOS;
			packageProductDependencies = (
				B5B5C11C2872E3DB00FC5134 /* SnapKit */,
				B5B5C11F2872E43E00FC5134 /* Then */,
				7713C62A2872F26C00F674BF /* Inject */,
			);
			productName = HousLab_iOS;
			productReference = B85302A228728F6300F06234 /* HousLab_iOS.app */;
			productType = "com.apple.product-type.application";
		};
/* End PBXNativeTarget section */

/* Begin PBXProject section */
		B853029A28728F6300F06234 /* Project object */ = {
			isa = PBXProject;
			attributes = {
				BuildIndependentTargetsInParallel = 1;
				LastSwiftUpdateCheck = 1300;
				LastUpgradeCheck = 1300;
				TargetAttributes = {
					B85302A128728F6300F06234 = {
						CreatedOnToolsVersion = 13.0;
					};
				};
			};
			buildConfigurationList = B853029D28728F6300F06234 /* Build configuration list for PBXProject "HousLab_iOS" */;
			compatibilityVersion = "Xcode 13.0";
			developmentRegion = en;
			hasScannedForEncodings = 0;
			knownRegions = (
				en,
				Base,
			);
			mainGroup = B853029928728F6300F06234;
			packageReferences = (
				B5B5C11B2872E3DB00FC5134 /* XCRemoteSwiftPackageReference "SnapKit" */,
				B5B5C11E2872E43E00FC5134 /* XCRemoteSwiftPackageReference "Then" */,
				7713C6292872F26C00F674BF /* XCRemoteSwiftPackageReference "Inject" */,
			);
			productRefGroup = B85302A328728F6300F06234 /* Products */;
			projectDirPath = "";
			projectRoot = "";
			targets = (
				B85302A128728F6300F06234 /* HousLab_iOS */,
			);
		};
/* End PBXProject section */

/* Begin PBXResourcesBuildPhase section */
		B85302A028728F6300F06234 /* Resources */ = {
			isa = PBXResourcesBuildPhase;
			buildActionMask = 2147483647;
			files = (
				B85302B228728F6400F06234 /* LaunchScreen.storyboard in Resources */,
				B85302AF28728F6400F06234 /* Assets.xcassets in Resources */,
			);
			runOnlyForDeploymentPostprocessing = 0;
		};
/* End PBXResourcesBuildPhase section */

/* Begin PBXSourcesBuildPhase section */
		B853029E28728F6300F06234 /* Sources */ = {
			isa = PBXSourcesBuildPhase;
			buildActionMask = 2147483647;
			files = (
				B85302C52872A1FF00F06234 /* MinJaeViewController.swift in Sources */,
				B85302AA28728F6300F06234 /* ViewController.swift in Sources */,
				B85302C72872A20600F06234 /* JiHyeonViewController.swift in Sources */,
				B85302C12872A1EC00F06234 /* HoseViewController.swift in Sources */,
				B85302A628728F6300F06234 /* AppDelegate.swift in Sources */,
				B85302C32872A1F900F06234 /* EuiJinViewController.swift in Sources */,
				B85302A828728F6300F06234 /* SceneDelegate.swift in Sources */,
			);
			runOnlyForDeploymentPostprocessing = 0;
		};
/* End PBXSourcesBuildPhase section */

/* Begin PBXVariantGroup section */
		B85302B028728F6400F06234 /* LaunchScreen.storyboard */ = {
			isa = PBXVariantGroup;
			children = (
				B85302B128728F6400F06234 /* Base */,
			);
			name = LaunchScreen.storyboard;
			sourceTree = "<group>";
		};
/* End PBXVariantGroup section */

/* Begin XCBuildConfiguration section */
		B85302B428728F6400F06234 /* Debug */ = {
			isa = XCBuildConfiguration;
			buildSettings = {
				ALWAYS_SEARCH_USER_PATHS = NO;
				CLANG_ANALYZER_NONNULL = YES;
				CLANG_ANALYZER_NUMBER_OBJECT_CONVERSION = YES_AGGRESSIVE;
				CLANG_CXX_LANGUAGE_STANDARD = "gnu++17";
				CLANG_CXX_LIBRARY = "libc++";
				CLANG_ENABLE_MODULES = YES;
				CLANG_ENABLE_OBJC_ARC = YES;
				CLANG_ENABLE_OBJC_WEAK = YES;
				CLANG_WARN_BLOCK_CAPTURE_AUTORELEASING = YES;
				CLANG_WARN_BOOL_CONVERSION = YES;
				CLANG_WARN_COMMA = YES;
				CLANG_WARN_CONSTANT_CONVERSION = YES;
				CLANG_WARN_DEPRECATED_OBJC_IMPLEMENTATIONS = YES;
				CLANG_WARN_DIRECT_OBJC_ISA_USAGE = YES_ERROR;
				CLANG_WARN_DOCUMENTATION_COMMENTS = YES;
				CLANG_WARN_EMPTY_BODY = YES;
				CLANG_WARN_ENUM_CONVERSION = YES;
				CLANG_WARN_INFINITE_RECURSION = YES;
				CLANG_WARN_INT_CONVERSION = YES;
				CLANG_WARN_NON_LITERAL_NULL_CONVERSION = YES;
				CLANG_WARN_OBJC_IMPLICIT_RETAIN_SELF = YES;
				CLANG_WARN_OBJC_LITERAL_CONVERSION = YES;
				CLANG_WARN_OBJC_ROOT_CLASS = YES_ERROR;
				CLANG_WARN_QUOTED_INCLUDE_IN_FRAMEWORK_HEADER = YES;
				CLANG_WARN_RANGE_LOOP_ANALYSIS = YES;
				CLANG_WARN_STRICT_PROTOTYPES = YES;
				CLANG_WARN_SUSPICIOUS_MOVE = YES;
				CLANG_WARN_UNGUARDED_AVAILABILITY = YES_AGGRESSIVE;
				CLANG_WARN_UNREACHABLE_CODE = YES;
				CLANG_WARN__DUPLICATE_METHOD_MATCH = YES;
				COPY_PHASE_STRIP = NO;
				DEBUG_INFORMATION_FORMAT = dwarf;
				ENABLE_STRICT_OBJC_MSGSEND = YES;
				ENABLE_TESTABILITY = YES;
				GCC_C_LANGUAGE_STANDARD = gnu11;
				GCC_DYNAMIC_NO_PIC = NO;
				GCC_NO_COMMON_BLOCKS = YES;
				GCC_OPTIMIZATION_LEVEL = 0;
				GCC_PREPROCESSOR_DEFINITIONS = (
					"DEBUG=1",
					"$(inherited)",
				);
				GCC_WARN_64_TO_32_BIT_CONVERSION = YES;
				GCC_WARN_ABOUT_RETURN_TYPE = YES_ERROR;
				GCC_WARN_UNDECLARED_SELECTOR = YES;
				GCC_WARN_UNINITIALIZED_AUTOS = YES_AGGRESSIVE;
				GCC_WARN_UNUSED_FUNCTION = YES;
				GCC_WARN_UNUSED_VARIABLE = YES;
				IPHONEOS_DEPLOYMENT_TARGET = 15.0;
				MTL_ENABLE_DEBUG_INFO = INCLUDE_SOURCE;
				MTL_FAST_MATH = YES;
				ONLY_ACTIVE_ARCH = YES;
				OTHER_LDFLAGS = (
					"$(inherited)",
					"-Xlinker",
					"-interposable",
					"-all_load",
				);
				SDKROOT = iphoneos;
				SWIFT_ACTIVE_COMPILATION_CONDITIONS = DEBUG;
				SWIFT_OPTIMIZATION_LEVEL = "-Onone";
			};
			name = Debug;
		};
		B85302B528728F6400F06234 /* Release */ = {
			isa = XCBuildConfiguration;
			buildSettings = {
				ALWAYS_SEARCH_USER_PATHS = NO;
				CLANG_ANALYZER_NONNULL = YES;
				CLANG_ANALYZER_NUMBER_OBJECT_CONVERSION = YES_AGGRESSIVE;
				CLANG_CXX_LANGUAGE_STANDARD = "gnu++17";
				CLANG_CXX_LIBRARY = "libc++";
				CLANG_ENABLE_MODULES = YES;
				CLANG_ENABLE_OBJC_ARC = YES;
				CLANG_ENABLE_OBJC_WEAK = YES;
				CLANG_WARN_BLOCK_CAPTURE_AUTORELEASING = YES;
				CLANG_WARN_BOOL_CONVERSION = YES;
				CLANG_WARN_COMMA = YES;
				CLANG_WARN_CONSTANT_CONVERSION = YES;
				CLANG_WARN_DEPRECATED_OBJC_IMPLEMENTATIONS = YES;
				CLANG_WARN_DIRECT_OBJC_ISA_USAGE = YES_ERROR;
				CLANG_WARN_DOCUMENTATION_COMMENTS = YES;
				CLANG_WARN_EMPTY_BODY = YES;
				CLANG_WARN_ENUM_CONVERSION = YES;
				CLANG_WARN_INFINITE_RECURSION = YES;
				CLANG_WARN_INT_CONVERSION = YES;
				CLANG_WARN_NON_LITERAL_NULL_CONVERSION = YES;
				CLANG_WARN_OBJC_IMPLICIT_RETAIN_SELF = YES;
				CLANG_WARN_OBJC_LITERAL_CONVERSION = YES;
				CLANG_WARN_OBJC_ROOT_CLASS = YES_ERROR;
				CLANG_WARN_QUOTED_INCLUDE_IN_FRAMEWORK_HEADER = YES;
				CLANG_WARN_RANGE_LOOP_ANALYSIS = YES;
				CLANG_WARN_STRICT_PROTOTYPES = YES;
				CLANG_WARN_SUSPICIOUS_MOVE = YES;
				CLANG_WARN_UNGUARDED_AVAILABILITY = YES_AGGRESSIVE;
				CLANG_WARN_UNREACHABLE_CODE = YES;
				CLANG_WARN__DUPLICATE_METHOD_MATCH = YES;
				COPY_PHASE_STRIP = NO;
				DEBUG_INFORMATION_FORMAT = "dwarf-with-dsym";
				ENABLE_NS_ASSERTIONS = NO;
				ENABLE_STRICT_OBJC_MSGSEND = YES;
				GCC_C_LANGUAGE_STANDARD = gnu11;
				GCC_NO_COMMON_BLOCKS = YES;
				GCC_WARN_64_TO_32_BIT_CONVERSION = YES;
				GCC_WARN_ABOUT_RETURN_TYPE = YES_ERROR;
				GCC_WARN_UNDECLARED_SELECTOR = YES;
				GCC_WARN_UNINITIALIZED_AUTOS = YES_AGGRESSIVE;
				GCC_WARN_UNUSED_FUNCTION = YES;
				GCC_WARN_UNUSED_VARIABLE = YES;
				IPHONEOS_DEPLOYMENT_TARGET = 15.0;
				MTL_ENABLE_DEBUG_INFO = NO;
				MTL_FAST_MATH = YES;
				OTHER_LDFLAGS = (
					"$(inherited)",
					"-Xlinker",
					"-interposable",
					"-all_load",
				);
				SDKROOT = iphoneos;
				SWIFT_COMPILATION_MODE = wholemodule;
				SWIFT_OPTIMIZATION_LEVEL = "-O";
				VALIDATE_PRODUCT = YES;
			};
			name = Release;
		};
		B85302B728728F6400F06234 /* Debug */ = {
			isa = XCBuildConfiguration;
			buildSettings = {
				ASSETCATALOG_COMPILER_APPICON_NAME = AppIcon;
				ASSETCATALOG_COMPILER_GLOBAL_ACCENT_COLOR_NAME = AccentColor;
				CODE_SIGN_STYLE = Automatic;
				CURRENT_PROJECT_VERSION = 1;
				DEVELOPMENT_TEAM = B849TJY5N4;
				GENERATE_INFOPLIST_FILE = YES;
				INFOPLIST_FILE = HousLab_iOS/Supports/Info.plist;
				INFOPLIST_KEY_UIApplicationSupportsIndirectInputEvents = YES;
				INFOPLIST_KEY_UILaunchStoryboardName = LaunchScreen;
				INFOPLIST_KEY_UISupportedInterfaceOrientations_iPad = "UIInterfaceOrientationPortrait UIInterfaceOrientationPortraitUpsideDown UIInterfaceOrientationLandscapeLeft UIInterfaceOrientationLandscapeRight";
				INFOPLIST_KEY_UISupportedInterfaceOrientations_iPhone = "UIInterfaceOrientationPortrait UIInterfaceOrientationLandscapeLeft UIInterfaceOrientationLandscapeRight";
				LD_RUNPATH_SEARCH_PATHS = (
					"$(inherited)",
					"@executable_path/Frameworks",
				);
				MARKETING_VERSION = 1.0;
				PRODUCT_BUNDLE_IDENTIFIER = "com.jihyeon.HousLab-iOS";
				PRODUCT_NAME = "$(TARGET_NAME)";
				SWIFT_EMIT_LOC_STRINGS = YES;
				SWIFT_VERSION = 5.0;
				TARGETED_DEVICE_FAMILY = "1,2";
			};
			name = Debug;
		};
		B85302B828728F6400F06234 /* Release */ = {
			isa = XCBuildConfiguration;
			buildSettings = {
				ASSETCATALOG_COMPILER_APPICON_NAME = AppIcon;
				ASSETCATALOG_COMPILER_GLOBAL_ACCENT_COLOR_NAME = AccentColor;
				CODE_SIGN_STYLE = Automatic;
				CURRENT_PROJECT_VERSION = 1;
				DEVELOPMENT_TEAM = B849TJY5N4;
				GENERATE_INFOPLIST_FILE = YES;
				INFOPLIST_FILE = HousLab_iOS/Supports/Info.plist;
				INFOPLIST_KEY_UIApplicationSupportsIndirectInputEvents = YES;
				INFOPLIST_KEY_UILaunchStoryboardName = LaunchScreen;
				INFOPLIST_KEY_UISupportedInterfaceOrientations_iPad = "UIInterfaceOrientationPortrait UIInterfaceOrientationPortraitUpsideDown UIInterfaceOrientationLandscapeLeft UIInterfaceOrientationLandscapeRight";
				INFOPLIST_KEY_UISupportedInterfaceOrientations_iPhone = "UIInterfaceOrientationPortrait UIInterfaceOrientationLandscapeLeft UIInterfaceOrientationLandscapeRight";
				LD_RUNPATH_SEARCH_PATHS = (
					"$(inherited)",
					"@executable_path/Frameworks",
				);
				MARKETING_VERSION = 1.0;
				PRODUCT_BUNDLE_IDENTIFIER = "com.jihyeon.HousLab-iOS";
				PRODUCT_NAME = "$(TARGET_NAME)";
				SWIFT_EMIT_LOC_STRINGS = YES;
				SWIFT_VERSION = 5.0;
				TARGETED_DEVICE_FAMILY = "1,2";
			};
			name = Release;
		};
/* End XCBuildConfiguration section */

/* Begin XCConfigurationList section */
		B853029D28728F6300F06234 /* Build configuration list for PBXProject "HousLab_iOS" */ = {
			isa = XCConfigurationList;
			buildConfigurations = (
				B85302B428728F6400F06234 /* Debug */,
				B85302B528728F6400F06234 /* Release */,
			);
			defaultConfigurationIsVisible = 0;
			defaultConfigurationName = Release;
		};
		B85302B628728F6400F06234 /* Build configuration list for PBXNativeTarget "HousLab_iOS" */ = {
			isa = XCConfigurationList;
			buildConfigurations = (
				B85302B728728F6400F06234 /* Debug */,
				B85302B828728F6400F06234 /* Release */,
			);
			defaultConfigurationIsVisible = 0;
			defaultConfigurationName = Release;
		};
/* End XCConfigurationList section */

/* Begin XCRemoteSwiftPackageReference section */
		7713C6292872F26C00F674BF /* XCRemoteSwiftPackageReference "Inject" */ = {
			isa = XCRemoteSwiftPackageReference;
			repositoryURL = "https://github.com/krzysztofzablocki/Inject.git";
			requirement = {
				branch = main;
				kind = branch;
			};
		};
		B5B5C11B2872E3DB00FC5134 /* XCRemoteSwiftPackageReference "SnapKit" */ = {
			isa = XCRemoteSwiftPackageReference;
			repositoryURL = "https://github.com/SnapKit/SnapKit.git";
			requirement = {
				kind = upToNextMajorVersion;
				minimumVersion = 5.0.0;
			};
		};
		B5B5C11E2872E43E00FC5134 /* XCRemoteSwiftPackageReference "Then" */ = {
			isa = XCRemoteSwiftPackageReference;
			repositoryURL = "https://github.com/devxoul/Then.git";
			requirement = {
				kind = upToNextMajorVersion;
				minimumVersion = 3.0.0;
			};
		};
/* End XCRemoteSwiftPackageReference section */

/* Begin XCSwiftPackageProductDependency section */
		7713C62A2872F26C00F674BF /* Inject */ = {
			isa = XCSwiftPackageProductDependency;
			package = 7713C6292872F26C00F674BF /* XCRemoteSwiftPackageReference "Inject" */;
			productName = Inject;
		};
		B5B5C11C2872E3DB00FC5134 /* SnapKit */ = {
			isa = XCSwiftPackageProductDependency;
			package = B5B5C11B2872E3DB00FC5134 /* XCRemoteSwiftPackageReference "SnapKit" */;
			productName = SnapKit;
		};
		B5B5C11F2872E43E00FC5134 /* Then */ = {
			isa = XCSwiftPackageProductDependency;
			package = B5B5C11E2872E43E00FC5134 /* XCRemoteSwiftPackageReference "Then" */;
			productName = Then;
		};
/* End XCSwiftPackageProductDependency section */
	};
	rootObject = B853029A28728F6300F06234 /* Project object */;
}
